
Microsoft Visual Studio Solution File, Format Version 12.00
# Visual Studio Version 16
VisualStudioVersion = 16.0.30225.117
MinimumVisualStudioVersion = 10.0.40219.1
Project("{8BC9CEB8-8B4A-11D0-8D11-00A0C91BC942}") = "Project1", "Project1\Project1.vcxproj", "{58DE7A0E-FA0E-455A-B967-4D34471C2534}"
EndProject
Project("{8BC9CEB8-8B4A-11D0-8D11-00A0C91BC942}") = "Project23", "Project23\Project23.vcxproj", "{7F2D6CD2-AA79-46AA-834B-989247B63031}"
EndProject
Project("{8BC9CEB8-8B4A-11D0-8D11-00A0C91BC942}") = "Project4", "Project4\Project4.vcxproj", "{F9D04C93-5843-404D-A570-700A692133E1}"
EndProject
Project("{8BC9CEB8-8B4A-11D0-8D11-00A0C91BC942}") = "Project5", "Project5\Project5.vcxproj", "{23E94FAE-63C2-4DCE-991A-ACC20344EAE9}"
EndProject
Project("{8BC9CEB8-8B4A-11D0-8D11-00A0C91BC942}") = "Project6", "Project6\Project6.vcxproj", "{739454E4-A125-4EAD-B001-31C143992464}"
EndProject
Global
	GlobalSection(SolutionConfigurationPlatforms) = preSolution
		Debug|x64 = Debug|x64
		Debug|x86 = Debug|x86
		Release|x64 = Release|x64
		Release|x86 = Release|x86
	EndGlobalSection
	GlobalSection(ProjectConfigurationPlatforms) = postSolution
		{58DE7A0E-FA0E-455A-B967-4D34471C2534}.Debug|x64.ActiveCfg = Debug|x64
		{58DE7A0E-FA0E-455A-B967-4D34471C2534}.Debug|x64.Build.0 = Debug|x64
		{58DE7A0E-FA0E-455A-B967-4D34471C2534}.Debug|x86.ActiveCfg = Debug|Win32
		{58DE7A0E-FA0E-455A-B967-4D34471C2534}.Debug|x86.Build.0 = Debug|Win32
		{58DE7A0E-FA0E-455A-B967-4D34471C2534}.Release|x64.ActiveCfg = Release|x64
		{58DE7A0E-FA0E-455A-B967-4D34471C2534}.Release|x64.Build.0 = Release|x64
		{58DE7A0E-FA0E-455A-B967-4D34471C2534}.Release|x86.ActiveCfg = Release|Win32
		{58DE7A0E-FA0E-455A-B967-4D34471C2534}.Release|x86.Build.0 = Release|Win32
		{7F2D6CD2-AA79-46AA-834B-989247B63031}.Debug|x64.ActiveCfg = Debug|x64
		{7F2D6CD2-AA79-46AA-834B-989247B63031}.Debug|x64.Build.0 = Debug|x64
		{7F2D6CD2-AA79-46AA-834B-989247B63031}.Debug|x86.ActiveCfg = Debug|Win32
		{7F2D6CD2-AA79-46AA-834B-989247B63031}.Debug|x86.Build.0 = Debug|Win32
		{7F2D6CD2-AA79-46AA-834B-989247B63031}.Release|x64.ActiveCfg = Release|x64
		{7F2D6CD2-AA79-46AA-834B-989247B63031}.Release|x64.Build.0 = Release|x64
		{7F2D6CD2-AA79-46AA-834B-989247B63031}.Release|x86.ActiveCfg = Release|Win32
		{7F2D6CD2-AA79-46AA-834B-989247B63031}.Release|x86.Build.0 = Release|Win32
		{F9D04C93-5843-404D-A570-700A692133E1}.Debug|x64.ActiveCfg = Debug|x64
		{F9D04C93-5843-404D-A570-700A692133E1}.Debug|x64.Build.0 = Debug|x64
		{F9D04C93-5843-404D-A570-700A692133E1}.Debug|x86.ActiveCfg = Debug|Win32
		{F9D04C93-5843-404D-A570-700A692133E1}.Debug|x86.Build.0 = Debug|Win32
		{F9D04C93-5843-404D-A570-700A692133E1}.Release|x64.ActiveCfg = Release|x64
		{F9D04C93-5843-404D-A570-700A692133E1}.Release|x64.Build.0 = Release|x64
		{F9D04C93-5843-404D-A570-700A692133E1}.Release|x86.ActiveCfg = Release|Win32
		{F9D04C93-5843-404D-A570-700A692133E1}.Release|x86.Build.0 = Release|Win32
		{23E94FAE-63C2-4DCE-991A-ACC20344EAE9}.Debug|x64.ActiveCfg = Debug|x64
		{23E94FAE-63C2-4DCE-991A-ACC20344EAE9}.Debug|x64.Build.0 = Debug|x64
		{23E94FAE-63C2-4DCE-991A-ACC20344EAE9}.Debug|x86.ActiveCfg = Debug|Win32
		{23E94FAE-63C2-4DCE-991A-ACC20344EAE9}.Debug|x86.Build.0 = Debug|Win32
		{23E94FAE-63C2-4DCE-991A-ACC20344EAE9}.Release|x64.ActiveCfg = Release|x64
		{23E94FAE-63C2-4DCE-991A-ACC20344EAE9}.Release|x64.Build.0 = Release|x64
		{23E94FAE-63C2-4DCE-991A-ACC20344EAE9}.Release|x86.ActiveCfg = Release|Win32
		{23E94FAE-63C2-4DCE-991A-ACC20344EAE9}.Release|x86.Build.0 = Release|Win32
		{739454E4-A125-4EAD-B001-31C143992464}.Debug|x64.ActiveCfg = Debug|x64
		{739454E4-A125-4EAD-B001-31C143992464}.Debug|x64.Build.0 = Debug|x64
		{739454E4-A125-4EAD-B001-31C143992464}.Debug|x86.ActiveCfg = Debug|Win32
		{739454E4-A125-4EAD-B001-31C143992464}.Debug|x86.Build.0 = Debug|Win32
		{739454E4-A125-4EAD-B001-31C143992464}.Release|x64.ActiveCfg = Release|x64
		{739454E4-A125-4EAD-B001-31C143992464}.Release|x64.Build.0 = Release|x64
		{739454E4-A125-4EAD-B001-31C143992464}.Release|x86.ActiveCfg = Release|Win32
		{739454E4-A125-4EAD-B001-31C143992464}.Release|x86.Build.0 = Release|Win32
	EndGlobalSection
	GlobalSection(SolutionProperties) = preSolution
		HideSolutionNode = FALSE
	EndGlobalSection
	GlobalSection(ExtensibilityGlobals) = postSolution
		SolutionGuid = {05A5C0D8-0E32-4793-9833-80700559727C}
	EndGlobalSection
EndGlobal
